
Microsoft Visual Studio Solution File, Format Version 12.00
# Visual Studio Version 17
VisualStudioVersion = 17.7.34031.279
MinimumVisualStudioVersion = 10.0.40219.1
Project("{9A19103F-16F7-4668-BE54-9A1E7A4F7556}") = "ToDoList", "ToDoList.csproj", "{C1F2042B-1CB5-4E8F-B467-C4E74450940B}"
EndProject
Global
	GlobalSection(SolutionConfigurationPlatforms) = preSolution
		Debug|Any CPU = Debug|Any CPU
		Release|Any CPU = Release|Any CPU
	EndGlobalSection
	GlobalSection(ProjectConfigurationPlatforms) = postSolution
		{C1F2042B-1CB5-4E8F-B467-C4E74450940B}.Debug|Any CPU.ActiveCfg = Debug|Any CPU
		{C1F2042B-1CB5-4E8F-B467-C4E74450940B}.Debug|Any CPU.Build.0 = Debug|Any CPU
		{C1F2042B-1CB5-4E8F-B467-C4E74450940B}.Release|Any CPU.ActiveCfg = Release|Any CPU
		{C1F2042B-1CB5-4E8F-B467-C4E74450940B}.Release|Any CPU.Build.0 = Release|Any CPU
	EndGlobalSection
	GlobalSection(SolutionProperties) = preSolution
		HideSolutionNode = FALSE
	EndGlobalSection
	GlobalSection(ExtensibilityGlobals) = postSolution
		SolutionGuid = {9C5C3109-F25C-466C-8A6A-AC36E50A0D79}
	EndGlobalSection
EndGlobal
